
Microsoft Visual Studio Solution File, Format Version 12.00
# Visual Studio 15
VisualStudioVersion = 15.0.28010.2048
MinimumVisualStudioVersion = 10.0.40219.1
Project("{8BC9CEB8-8B4A-11D0-8D11-00A0C91BC942}") = "01", "01\01.vcxproj", "{0DD99141-4C21-4AFC-816F-756FCAD69ED1}"
EndProject
Project("{8BC9CEB8-8B4A-11D0-8D11-00A0C91BC942}") = "02", "02\02.vcxproj", "{ED6E87A1-EDD0-4387-9E46-A1B6F2053941}"
EndProject
Project("{8BC9CEB8-8B4A-11D0-8D11-00A0C91BC942}") = "03", "03\03.vcxproj", "{8551EECC-8324-432D-AE65-6B4FFCC7D94A}"
EndProject
Project("{8BC9CEB8-8B4A-11D0-8D11-00A0C91BC942}") = "04", "04\04.vcxproj", "{35521977-FC24-4CEC-A8FA-CC5A7C54ECE9}"
EndProject
Project("{8BC9CEB8-8B4A-11D0-8D11-00A0C91BC942}") = "05", "05\05.vcxproj", "{3BB63CDC-2085-4182-8501-80498E937F5A}"
EndProject
Project("{8BC9CEB8-8B4A-11D0-8D11-00A0C91BC942}") = "06", "06\06.vcxproj", "{D3FDCB2E-0B70-46BF-A972-CECD6E3C2D4F}"
EndProject
Project("{8BC9CEB8-8B4A-11D0-8D11-00A0C91BC942}") = "07", "07\07.vcxproj", "{E63704E3-1A65-4A90-B8A2-30D46ACAF6F5}"
EndProject
Project("{8BC9CEB8-8B4A-11D0-8D11-00A0C91BC942}") = "08", "08\08.vcxproj", "{F4F5A140-773E-4401-A903-BD4667DDAEA9}"
EndProject
Project("{8BC9CEB8-8B4A-11D0-8D11-00A0C91BC942}") = "09", "09\09.vcxproj", "{D5751A78-BA1F-4D57-ADAA-7E36A469E244}"
EndProject
Project("{8BC9CEB8-8B4A-11D0-8D11-00A0C91BC942}") = "10", "10\10.vcxproj", "{04FB5236-523F-4E52-A856-04D88A91FEC1}"
EndProject
Project("{8BC9CEB8-8B4A-11D0-8D11-00A0C91BC942}") = "11", "11\11.vcxproj", "{B115EFAA-31E2-4C39-B3CE-997DA588721E}"
EndProject
Project("{8BC9CEB8-8B4A-11D0-8D11-00A0C91BC942}") = "12", "12\12.vcxproj", "{951966D0-2839-4FDD-890F-E635D5344173}"
EndProject
Project("{8BC9CEB8-8B4A-11D0-8D11-00A0C91BC942}") = "13", "13\13.vcxproj", "{7D18536B-3750-4D90-90B7-93CB2207B6EC}"
EndProject
Project("{8BC9CEB8-8B4A-11D0-8D11-00A0C91BC942}") = "14", "14\14.vcxproj", "{ADF06604-E309-4973-8454-2F4D6EE7D6F7}"
EndProject
Project("{8BC9CEB8-8B4A-11D0-8D11-00A0C91BC942}") = "15", "15\15.vcxproj", "{FBE6F3C1-498B-43AB-868C-BFDC2905E6FD}"
EndProject
Project("{8BC9CEB8-8B4A-11D0-8D11-00A0C91BC942}") = "16", "16\16.vcxproj", "{1488F57E-0428-4478-971C-5542A6E27BD8}"
EndProject
Project("{8BC9CEB8-8B4A-11D0-8D11-00A0C91BC942}") = "17", "17\17.vcxproj", "{1B5DF594-6EE9-4E23-AD75-1927ECB54ED9}"
EndProject
Project("{8BC9CEB8-8B4A-11D0-8D11-00A0C91BC942}") = "18", "18\18.vcxproj", "{60C9C6BE-FC95-4734-B563-3FCBF6E16C48}"
EndProject
Project("{8BC9CEB8-8B4A-11D0-8D11-00A0C91BC942}") = "19", "19\19.vcxproj", "{F39C8110-8199-4697-984E-F2A382C9D42F}"
EndProject
Project("{8BC9CEB8-8B4A-11D0-8D11-00A0C91BC942}") = "20", "20\20.vcxproj", "{F269CE67-C812-43DF-8967-8823780C83E1}"
EndProject
Project("{8BC9CEB8-8B4A-11D0-8D11-00A0C91BC942}") = "21", "21\21.vcxproj", "{73A65053-8774-4BF3-B458-2BDABF791E6C}"
EndProject
Project("{8BC9CEB8-8B4A-11D0-8D11-00A0C91BC942}") = "22", "22\22.vcxproj", "{CC5692A2-818D-4304-A731-3DC8C52540E7}"
EndProject
Project("{8BC9CEB8-8B4A-11D0-8D11-00A0C91BC942}") = "23", "23\23.vcxproj", "{C027992F-CD9D-4664-86CB-E8E7EEBCCE49}"
EndProject
Project("{8BC9CEB8-8B4A-11D0-8D11-00A0C91BC942}") = "24", "24\24.vcxproj", "{DF450C7A-974B-493B-9A0A-FE403840F27C}"
EndProject
Project("{8BC9CEB8-8B4A-11D0-8D11-00A0C91BC942}") = "25", "25\25.vcxproj", "{86906ECA-12AC-4AB1-8664-C72DE8527BCC}"
EndProject
Project("{8BC9CEB8-8B4A-11D0-8D11-00A0C91BC942}") = "26", "26\26.vcxproj", "{59543023-7D00-46D3-AF05-49ED7A265736}"
EndProject
Project("{8BC9CEB8-8B4A-11D0-8D11-00A0C91BC942}") = "27", "27\27.vcxproj", "{E84C6CFA-6EEA-440E-A536-A95B550196B4}"
EndProject
Project("{8BC9CEB8-8B4A-11D0-8D11-00A0C91BC942}") = "28", "28\28.vcxproj", "{DCBC3706-B446-4769-90AA-D04D5E4C2D0C}"
EndProject
Project("{8BC9CEB8-8B4A-11D0-8D11-00A0C91BC942}") = "29", "29\29.vcxproj", "{315DD178-7CFE-4AD2-AF62-42B371430D6C}"
EndProject
Project("{8BC9CEB8-8B4A-11D0-8D11-00A0C91BC942}") = "30", "30\30.vcxproj", "{085AD81E-48BA-4E44-8A9C-62097CC74719}"
EndProject
Project("{8BC9CEB8-8B4A-11D0-8D11-00A0C91BC942}") = "31", "31\31.vcxproj", "{40313FC4-6ECE-4D5C-8735-3E484F1569BE}"
EndProject
Project("{8BC9CEB8-8B4A-11D0-8D11-00A0C91BC942}") = "32", "32\32.vcxproj", "{E3EC44B8-B5C5-473F-A34A-C032D3CED6C5}"
EndProject
Project("{8BC9CEB8-8B4A-11D0-8D11-00A0C91BC942}") = "33", "33\33.vcxproj", "{3EF6049C-D6D0-4EED-A140-87435D99D5D2}"
EndProject
Project("{8BC9CEB8-8B4A-11D0-8D11-00A0C91BC942}") = "34", "34\34.vcxproj", "{11FED909-75EA-4EA1-819B-2ED1ADCEF76E}"
EndProject
Project("{8BC9CEB8-8B4A-11D0-8D11-00A0C91BC942}") = "35", "35\35.vcxproj", "{265F3F5A-1286-460A-BE0C-0ABB6134BF29}"
EndProject
Project("{8BC9CEB8-8B4A-11D0-8D11-00A0C91BC942}") = "36", "36\36.vcxproj", "{5A3A4C11-6FFC-4724-9936-7E62484BE386}"
EndProject
Project("{8BC9CEB8-8B4A-11D0-8D11-00A0C91BC942}") = "37", "37\37.vcxproj", "{CDA3B3EA-5FB4-47DE-853D-375EEFE38EAC}"
EndProject
Project("{8BC9CEB8-8B4A-11D0-8D11-00A0C91BC942}") = "38", "38\38.vcxproj", "{4FA46E2B-D5FC-4776-AEFC-E2A116BC52C0}"
EndProject
Project("{8BC9CEB8-8B4A-11D0-8D11-00A0C91BC942}") = "39", "39\39.vcxproj", "{8963078A-AF91-488B-A28E-6DD86586FBA5}"
EndProject
Project("{8BC9CEB8-8B4A-11D0-8D11-00A0C91BC942}") = "40", "40\40.vcxproj", "{DF98467A-3E40-4C10-8D01-547A9DD44AA3}"
EndProject
Global
	GlobalSection(SolutionConfigurationPlatforms) = preSolution
		Debug|x64 = Debug|x64
		Debug|x86 = Debug|x86
		Release|x64 = Release|x64
		Release|x86 = Release|x86
	EndGlobalSection
	GlobalSection(ProjectConfigurationPlatforms) = postSolution
		{0DD99141-4C21-4AFC-816F-756FCAD69ED1}.Debug|x64.ActiveCfg = Debug|x64
		{0DD99141-4C21-4AFC-816F-756FCAD69ED1}.Debug|x64.Build.0 = Debug|x64
		{0DD99141-4C21-4AFC-816F-756FCAD69ED1}.Debug|x86.ActiveCfg = Debug|Win32
		{0DD99141-4C21-4AFC-816F-756FCAD69ED1}.Debug|x86.Build.0 = Debug|Win32
		{0DD99141-4C21-4AFC-816F-756FCAD69ED1}.Release|x64.ActiveCfg = Release|x64
		{0DD99141-4C21-4AFC-816F-756FCAD69ED1}.Release|x64.Build.0 = Release|x64
		{0DD99141-4C21-4AFC-816F-756FCAD69ED1}.Release|x86.ActiveCfg = Release|Win32
		{0DD99141-4C21-4AFC-816F-756FCAD69ED1}.Release|x86.Build.0 = Release|Win32
		{ED6E87A1-EDD0-4387-9E46-A1B6F2053941}.Debug|x64.ActiveCfg = Debug|x64
		{ED6E87A1-EDD0-4387-9E46-A1B6F2053941}.Debug|x64.Build.0 = Debug|x64
		{ED6E87A1-EDD0-4387-9E46-A1B6F2053941}.Debug|x86.ActiveCfg = Debug|Win32
		{ED6E87A1-EDD0-4387-9E46-A1B6F2053941}.Debug|x86.Build.0 = Debug|Win32
		{ED6E87A1-EDD0-4387-9E46-A1B6F2053941}.Release|x64.ActiveCfg = Release|x64
		{ED6E87A1-EDD0-4387-9E46-A1B6F2053941}.Release|x64.Build.0 = Release|x64
		{ED6E87A1-EDD0-4387-9E46-A1B6F2053941}.Release|x86.ActiveCfg = Release|Win32
		{ED6E87A1-EDD0-4387-9E46-A1B6F2053941}.Release|x86.Build.0 = Release|Win32
		{8551EECC-8324-432D-AE65-6B4FFCC7D94A}.Debug|x64.ActiveCfg = Debug|x64
		{8551EECC-8324-432D-AE65-6B4FFCC7D94A}.Debug|x64.Build.0 = Debug|x64
		{8551EECC-8324-432D-AE65-6B4FFCC7D94A}.Debug|x86.ActiveCfg = Debug|Win32
		{8551EECC-8324-432D-AE65-6B4FFCC7D94A}.Debug|x86.Build.0 = Debug|Win32
		{8551EECC-8324-432D-AE65-6B4FFCC7D94A}.Release|x64.ActiveCfg = Release|x64
		{8551EECC-8324-432D-AE65-6B4FFCC7D94A}.Release|x64.Build.0 = Release|x64
		{8551EECC-8324-432D-AE65-6B4FFCC7D94A}.Release|x86.ActiveCfg = Release|Win32
		{8551EECC-8324-432D-AE65-6B4FFCC7D94A}.Release|x86.Build.0 = Release|Win32
		{35521977-FC24-4CEC-A8FA-CC5A7C54ECE9}.Debug|x64.ActiveCfg = Debug|x64
		{35521977-FC24-4CEC-A8FA-CC5A7C54ECE9}.Debug|x64.Build.0 = Debug|x64
		{35521977-FC24-4CEC-A8FA-CC5A7C54ECE9}.Debug|x86.ActiveCfg = Debug|Win32
		{35521977-FC24-4CEC-A8FA-CC5A7C54ECE9}.Debug|x86.Build.0 = Debug|Win32
		{35521977-FC24-4CEC-A8FA-CC5A7C54ECE9}.Release|x64.ActiveCfg = Release|x64
		{35521977-FC24-4CEC-A8FA-CC5A7C54ECE9}.Release|x64.Build.0 = Release|x64
		{35521977-FC24-4CEC-A8FA-CC5A7C54ECE9}.Release|x86.ActiveCfg = Release|Win32
		{35521977-FC24-4CEC-A8FA-CC5A7C54ECE9}.Release|x86.Build.0 = Release|Win32
		{3BB63CDC-2085-4182-8501-80498E937F5A}.Debug|x64.ActiveCfg = Debug|x64
		{3BB63CDC-2085-4182-8501-80498E937F5A}.Debug|x64.Build.0 = Debug|x64
		{3BB63CDC-2085-4182-8501-80498E937F5A}.Debug|x86.ActiveCfg = Debug|Win32
		{3BB63CDC-2085-4182-8501-80498E937F5A}.Debug|x86.Build.0 = Debug|Win32
		{3BB63CDC-2085-4182-8501-80498E937F5A}.Release|x64.ActiveCfg = Release|x64
		{3BB63CDC-2085-4182-8501-80498E937F5A}.Release|x64.Build.0 = Release|x64
		{3BB63CDC-2085-4182-8501-80498E937F5A}.Release|x86.ActiveCfg = Release|Win32
		{3BB63CDC-2085-4182-8501-80498E937F5A}.Release|x86.Build.0 = Release|Win32
		{D3FDCB2E-0B70-46BF-A972-CECD6E3C2D4F}.Debug|x64.ActiveCfg = Debug|x64
		{D3FDCB2E-0B70-46BF-A972-CECD6E3C2D4F}.Debug|x64.Build.0 = Debug|x64
		{D3FDCB2E-0B70-46BF-A972-CECD6E3C2D4F}.Debug|x86.ActiveCfg = Debug|Win32
		{D3FDCB2E-0B70-46BF-A972-CECD6E3C2D4F}.Debug|x86.Build.0 = Debug|Win32
		{D3FDCB2E-0B70-46BF-A972-CECD6E3C2D4F}.Release|x64.ActiveCfg = Release|x64
		{D3FDCB2E-0B70-46BF-A972-CECD6E3C2D4F}.Release|x64.Build.0 = Release|x64
		{D3FDCB2E-0B70-46BF-A972-CECD6E3C2D4F}.Release|x86.ActiveCfg = Release|Win32
		{D3FDCB2E-0B70-46BF-A972-CECD6E3C2D4F}.Release|x86.Build.0 = Release|Win32
		{E63704E3-1A65-4A90-B8A2-30D46ACAF6F5}.Debug|x64.ActiveCfg = Debug|x64
		{E63704E3-1A65-4A90-B8A2-30D46ACAF6F5}.Debug|x64.Build.0 = Debug|x64
		{E63704E3-1A65-4A90-B8A2-30D46ACAF6F5}.Debug|x86.ActiveCfg = Debug|Win32
		{E63704E3-1A65-4A90-B8A2-30D46ACAF6F5}.Debug|x86.Build.0 = Debug|Win32
		{E63704E3-1A65-4A90-B8A2-30D46ACAF6F5}.Release|x64.ActiveCfg = Release|x64
		{E63704E3-1A65-4A90-B8A2-30D46ACAF6F5}.Release|x64.Build.0 = Release|x64
		{E63704E3-1A65-4A90-B8A2-30D46ACAF6F5}.Release|x86.ActiveCfg = Release|Win32
		{E63704E3-1A65-4A90-B8A2-30D46ACAF6F5}.Release|x86.Build.0 = Release|Win32
		{F4F5A140-773E-4401-A903-BD4667DDAEA9}.Debug|x64.ActiveCfg = Debug|x64
		{F4F5A140-773E-4401-A903-BD4667DDAEA9}.Debug|x64.Build.0 = Debug|x64
		{F4F5A140-773E-4401-A903-BD4667DDAEA9}.Debug|x86.ActiveCfg = Debug|Win32
		{F4F5A140-773E-4401-A903-BD4667DDAEA9}.Debug|x86.Build.0 = Debug|Win32
		{F4F5A140-773E-4401-A903-BD4667DDAEA9}.Release|x64.ActiveCfg = Release|x64
		{F4F5A140-773E-4401-A903-BD4667DDAEA9}.Release|x64.Build.0 = Release|x64
		{F4F5A140-773E-4401-A903-BD4667DDAEA9}.Release|x86.ActiveCfg = Release|Win32
		{F4F5A140-773E-4401-A903-BD4667DDAEA9}.Release|x86.Build.0 = Release|Win32
		{D5751A78-BA1F-4D57-ADAA-7E36A469E244}.Debug|x64.ActiveCfg = Debug|x64
		{D5751A78-BA1F-4D57-ADAA-7E36A469E244}.Debug|x64.Build.0 = Debug|x64
		{D5751A78-BA1F-4D57-ADAA-7E36A469E244}.Debug|x86.ActiveCfg = Debug|Win32
		{D5751A78-BA1F-4D57-ADAA-7E36A469E244}.Debug|x86.Build.0 = Debug|Win32
		{D5751A78-BA1F-4D57-ADAA-7E36A469E244}.Release|x64.ActiveCfg = Release|x64
		{D5751A78-BA1F-4D57-ADAA-7E36A469E244}.Release|x64.Build.0 = Release|x64
		{D5751A78-BA1F-4D57-ADAA-7E36A469E244}.Release|x86.ActiveCfg = Release|Win32
		{D5751A78-BA1F-4D57-ADAA-7E36A469E244}.Release|x86.Build.0 = Release|Win32
		{04FB5236-523F-4E52-A856-04D88A91FEC1}.Debug|x64.ActiveCfg = Debug|x64
		{04FB5236-523F-4E52-A856-04D88A91FEC1}.Debug|x64.Build.0 = Debug|x64
		{04FB5236-523F-4E52-A856-04D88A91FEC1}.Debug|x86.ActiveCfg = Debug|Win32
		{04FB5236-523F-4E52-A856-04D88A91FEC1}.Debug|x86.Build.0 = Debug|Win32
		{04FB5236-523F-4E52-A856-04D88A91FEC1}.Release|x64.ActiveCfg = Release|x64
		{04FB5236-523F-4E52-A856-04D88A91FEC1}.Release|x64.Build.0 = Release|x64
		{04FB5236-523F-4E52-A856-04D88A91FEC1}.Release|x86.ActiveCfg = Release|Win32
		{04FB5236-523F-4E52-A856-04D88A91FEC1}.Release|x86.Build.0 = Release|Win32
		{B115EFAA-31E2-4C39-B3CE-997DA588721E}.Debug|x64.ActiveCfg = Debug|x64
		{B115EFAA-31E2-4C39-B3CE-997DA588721E}.Debug|x64.Build.0 = Debug|x64
		{B115EFAA-31E2-4C39-B3CE-997DA588721E}.Debug|x86.ActiveCfg = Debug|Win32
		{B115EFAA-31E2-4C39-B3CE-997DA588721E}.Debug|x86.Build.0 = Debug|Win32
		{B115EFAA-31E2-4C39-B3CE-997DA588721E}.Release|x64.ActiveCfg = Release|x64
		{B115EFAA-31E2-4C39-B3CE-997DA588721E}.Release|x64.Build.0 = Release|x64
		{B115EFAA-31E2-4C39-B3CE-997DA588721E}.Release|x86.ActiveCfg = Release|Win32
		{B115EFAA-31E2-4C39-B3CE-997DA588721E}.Release|x86.Build.0 = Release|Win32
		{951966D0-2839-4FDD-890F-E635D5344173}.Debug|x64.ActiveCfg = Debug|x64
		{951966D0-2839-4FDD-890F-E635D5344173}.Debug|x64.Build.0 = Debug|x64
		{951966D0-2839-4FDD-890F-E635D5344173}.Debug|x86.ActiveCfg = Debug|Win32
		{951966D0-2839-4FDD-890F-E635D5344173}.Debug|x86.Build.0 = Debug|Win32
		{951966D0-2839-4FDD-890F-E635D5344173}.Release|x64.ActiveCfg = Release|x64
		{951966D0-2839-4FDD-890F-E635D5344173}.Release|x64.Build.0 = Release|x64
		{951966D0-2839-4FDD-890F-E635D5344173}.Release|x86.ActiveCfg = Release|Win32
		{951966D0-2839-4FDD-890F-E635D5344173}.Release|x86.Build.0 = Release|Win32
		{7D18536B-3750-4D90-90B7-93CB2207B6EC}.Debug|x64.ActiveCfg = Debug|x64
		{7D18536B-3750-4D90-90B7-93CB2207B6EC}.Debug|x64.Build.0 = Debug|x64
		{7D18536B-3750-4D90-90B7-93CB2207B6EC}.Debug|x86.ActiveCfg = Debug|Win32
		{7D18536B-3750-4D90-90B7-93CB2207B6EC}.Debug|x86.Build.0 = Debug|Win32
		{7D18536B-3750-4D90-90B7-93CB2207B6EC}.Release|x64.ActiveCfg = Release|x64
		{7D18536B-3750-4D90-90B7-93CB2207B6EC}.Release|x64.Build.0 = Release|x64
		{7D18536B-3750-4D90-90B7-93CB2207B6EC}.Release|x86.ActiveCfg = Release|Win32
		{7D18536B-3750-4D90-90B7-93CB2207B6EC}.Release|x86.Build.0 = Release|Win32
		{ADF06604-E309-4973-8454-2F4D6EE7D6F7}.Debug|x64.ActiveCfg = Debug|x64
		{ADF06604-E309-4973-8454-2F4D6EE7D6F7}.Debug|x64.Build.0 = Debug|x64
		{ADF06604-E309-4973-8454-2F4D6EE7D6F7}.Debug|x86.ActiveCfg = Debug|Win32
		{ADF06604-E309-4973-8454-2F4D6EE7D6F7}.Debug|x86.Build.0 = Debug|Win32
		{ADF06604-E309-4973-8454-2F4D6EE7D6F7}.Release|x64.ActiveCfg = Release|x64
		{ADF06604-E309-4973-8454-2F4D6EE7D6F7}.Release|x64.Build.0 = Release|x64
		{ADF06604-E309-4973-8454-2F4D6EE7D6F7}.Release|x86.ActiveCfg = Release|Win32
		{ADF06604-E309-4973-8454-2F4D6EE7D6F7}.Release|x86.Build.0 = Release|Win32
		{FBE6F3C1-498B-43AB-868C-BFDC2905E6FD}.Debug|x64.ActiveCfg = Debug|x64
		{FBE6F3C1-498B-43AB-868C-BFDC2905E6FD}.Debug|x64.Build.0 = Debug|x64
		{FBE6F3C1-498B-43AB-868C-BFDC2905E6FD}.Debug|x86.ActiveCfg = Debug|Win32
		{FBE6F3C1-498B-43AB-868C-BFDC2905E6FD}.Debug|x86.Build.0 = Debug|Win32
		{FBE6F3C1-498B-43AB-868C-BFDC2905E6FD}.Release|x64.ActiveCfg = Release|x64
		{FBE6F3C1-498B-43AB-868C-BFDC2905E6FD}.Release|x64.Build.0 = Release|x64
		{FBE6F3C1-498B-43AB-868C-BFDC2905E6FD}.Release|x86.ActiveCfg = Release|Win32
		{FBE6F3C1-498B-43AB-868C-BFDC2905E6FD}.Release|x86.Build.0 = Release|Win32
		{1488F57E-0428-4478-971C-5542A6E27BD8}.Debug|x64.ActiveCfg = Debug|x64
		{1488F57E-0428-4478-971C-5542A6E27BD8}.Debug|x64.Build.0 = Debug|x64
		{1488F57E-0428-4478-971C-5542A6E27BD8}.Debug|x86.ActiveCfg = Debug|Win32
		{1488F57E-0428-4478-971C-5542A6E27BD8}.Debug|x86.Build.0 = Debug|Win32
		{1488F57E-0428-4478-971C-5542A6E27BD8}.Release|x64.ActiveCfg = Release|x64
		{1488F57E-0428-4478-971C-5542A6E27BD8}.Release|x64.Build.0 = Release|x64
		{1488F57E-0428-4478-971C-5542A6E27BD8}.Release|x86.ActiveCfg = Release|Win32
		{1488F57E-0428-4478-971C-5542A6E27BD8}.Release|x86.Build.0 = Release|Win32
		{1B5DF594-6EE9-4E23-AD75-1927ECB54ED9}.Debug|x64.ActiveCfg = Debug|x64
		{1B5DF594-6EE9-4E23-AD75-1927ECB54ED9}.Debug|x64.Build.0 = Debug|x64
		{1B5DF594-6EE9-4E23-AD75-1927ECB54ED9}.Debug|x86.ActiveCfg = Debug|Win32
		{1B5DF594-6EE9-4E23-AD75-1927ECB54ED9}.Debug|x86.Build.0 = Debug|Win32
		{1B5DF594-6EE9-4E23-AD75-1927ECB54ED9}.Release|x64.ActiveCfg = Release|x64
		{1B5DF594-6EE9-4E23-AD75-1927ECB54ED9}.Release|x64.Build.0 = Release|x64
		{1B5DF594-6EE9-4E23-AD75-1927ECB54ED9}.Release|x86.ActiveCfg = Release|Win32
		{1B5DF594-6EE9-4E23-AD75-1927ECB54ED9}.Release|x86.Build.0 = Release|Win32
		{60C9C6BE-FC95-4734-B563-3FCBF6E16C48}.Debug|x64.ActiveCfg = Debug|x64
		{60C9C6BE-FC95-4734-B563-3FCBF6E16C48}.Debug|x64.Build.0 = Debug|x64
		{60C9C6BE-FC95-4734-B563-3FCBF6E16C48}.Debug|x86.ActiveCfg = Debug|Win32
		{60C9C6BE-FC95-4734-B563-3FCBF6E16C48}.Debug|x86.Build.0 = Debug|Win32
		{60C9C6BE-FC95-4734-B563-3FCBF6E16C48}.Release|x64.ActiveCfg = Release|x64
		{60C9C6BE-FC95-4734-B563-3FCBF6E16C48}.Release|x64.Build.0 = Release|x64
		{60C9C6BE-FC95-4734-B563-3FCBF6E16C48}.Release|x86.ActiveCfg = Release|Win32
		{60C9C6BE-FC95-4734-B563-3FCBF6E16C48}.Release|x86.Build.0 = Release|Win32
		{F39C8110-8199-4697-984E-F2A382C9D42F}.Debug|x64.ActiveCfg = Debug|x64
		{F39C8110-8199-4697-984E-F2A382C9D42F}.Debug|x64.Build.0 = Debug|x64
		{F39C8110-8199-4697-984E-F2A382C9D42F}.Debug|x86.ActiveCfg = Debug|Win32
		{F39C8110-8199-4697-984E-F2A382C9D42F}.Debug|x86.Build.0 = Debug|Win32
		{F39C8110-8199-4697-984E-F2A382C9D42F}.Release|x64.ActiveCfg = Release|x64
		{F39C8110-8199-4697-984E-F2A382C9D42F}.Release|x64.Build.0 = Release|x64
		{F39C8110-8199-4697-984E-F2A382C9D42F}.Release|x86.ActiveCfg = Release|Win32
		{F39C8110-8199-4697-984E-F2A382C9D42F}.Release|x86.Build.0 = Release|Win32
		{F269CE67-C812-43DF-8967-8823780C83E1}.Debug|x64.ActiveCfg = Debug|x64
		{F269CE67-C812-43DF-8967-8823780C83E1}.Debug|x64.Build.0 = Debug|x64
		{F269CE67-C812-43DF-8967-8823780C83E1}.Debug|x86.ActiveCfg = Debug|Win32
		{F269CE67-C812-43DF-8967-8823780C83E1}.Debug|x86.Build.0 = Debug|Win32
		{F269CE67-C812-43DF-8967-8823780C83E1}.Release|x64.ActiveCfg = Release|x64
		{F269CE67-C812-43DF-8967-8823780C83E1}.Release|x64.Build.0 = Release|x64
		{F269CE67-C812-43DF-8967-8823780C83E1}.Release|x86.ActiveCfg = Release|Win32
		{F269CE67-C812-43DF-8967-8823780C83E1}.Release|x86.Build.0 = Release|Win32
		{73A65053-8774-4BF3-B458-2BDABF791E6C}.Debug|x64.ActiveCfg = Debug|x64
		{73A65053-8774-4BF3-B458-2BDABF791E6C}.Debug|x64.Build.0 = Debug|x64
		{73A65053-8774-4BF3-B458-2BDABF791E6C}.Debug|x86.ActiveCfg = Debug|Win32
		{73A65053-8774-4BF3-B458-2BDABF791E6C}.Debug|x86.Build.0 = Debug|Win32
		{73A65053-8774-4BF3-B458-2BDABF791E6C}.Release|x64.ActiveCfg = Release|x64
		{73A65053-8774-4BF3-B458-2BDABF791E6C}.Release|x64.Build.0 = Release|x64
		{73A65053-8774-4BF3-B458-2BDABF791E6C}.Release|x86.ActiveCfg = Release|Win32
		{73A65053-8774-4BF3-B458-2BDABF791E6C}.Release|x86.Build.0 = Release|Win32
		{CC5692A2-818D-4304-A731-3DC8C52540E7}.Debug|x64.ActiveCfg = Debug|x64
		{CC5692A2-818D-4304-A731-3DC8C52540E7}.Debug|x64.Build.0 = Debug|x64
		{CC5692A2-818D-4304-A731-3DC8C52540E7}.Debug|x86.ActiveCfg = Debug|Win32
		{CC5692A2-818D-4304-A731-3DC8C52540E7}.Debug|x86.Build.0 = Debug|Win32
		{CC5692A2-818D-4304-A731-3DC8C52540E7}.Release|x64.ActiveCfg = Release|x64
		{CC5692A2-818D-4304-A731-3DC8C52540E7}.Release|x64.Build.0 = Release|x64
		{CC5692A2-818D-4304-A731-3DC8C52540E7}.Release|x86.ActiveCfg = Release|Win32
		{CC5692A2-818D-4304-A731-3DC8C52540E7}.Release|x86.Build.0 = Release|Win32
		{C027992F-CD9D-4664-86CB-E8E7EEBCCE49}.Debug|x64.ActiveCfg = Debug|x64
		{C027992F-CD9D-4664-86CB-E8E7EEBCCE49}.Debug|x64.Build.0 = Debug|x64
		{C027992F-CD9D-4664-86CB-E8E7EEBCCE49}.Debug|x86.ActiveCfg = Debug|Win32
		{C027992F-CD9D-4664-86CB-E8E7EEBCCE49}.Debug|x86.Build.0 = Debug|Win32
		{C027992F-CD9D-4664-86CB-E8E7EEBCCE49}.Release|x64.ActiveCfg = Release|x64
		{C027992F-CD9D-4664-86CB-E8E7EEBCCE49}.Release|x64.Build.0 = Release|x64
		{C027992F-CD9D-4664-86CB-E8E7EEBCCE49}.Release|x86.ActiveCfg = Release|Win32
		{C027992F-CD9D-4664-86CB-E8E7EEBCCE49}.Release|x86.Build.0 = Release|Win32
		{DF450C7A-974B-493B-9A0A-FE403840F27C}.Debug|x64.ActiveCfg = Debug|x64
		{DF450C7A-974B-493B-9A0A-FE403840F27C}.Debug|x64.Build.0 = Debug|x64
		{DF450C7A-974B-493B-9A0A-FE403840F27C}.Debug|x86.ActiveCfg = Debug|Win32
		{DF450C7A-974B-493B-9A0A-FE403840F27C}.Debug|x86.Build.0 = Debug|Win32
		{DF450C7A-974B-493B-9A0A-FE403840F27C}.Release|x64.ActiveCfg = Release|x64
		{DF450C7A-974B-493B-9A0A-FE403840F27C}.Release|x64.Build.0 = Release|x64
		{DF450C7A-974B-493B-9A0A-FE403840F27C}.Release|x86.ActiveCfg = Release|Win32
		{DF450C7A-974B-493B-9A0A-FE403840F27C}.Release|x86.Build.0 = Release|Win32
		{86906ECA-12AC-4AB1-8664-C72DE8527BCC}.Debug|x64.ActiveCfg = Debug|x64
		{86906ECA-12AC-4AB1-8664-C72DE8527BCC}.Debug|x64.Build.0 = Debug|x64
		{86906ECA-12AC-4AB1-8664-C72DE8527BCC}.Debug|x86.ActiveCfg = Debug|Win32
		{86906ECA-12AC-4AB1-8664-C72DE8527BCC}.Debug|x86.Build.0 = Debug|Win32
		{86906ECA-12AC-4AB1-8664-C72DE8527BCC}.Release|x64.ActiveCfg = Release|x64
		{86906ECA-12AC-4AB1-8664-C72DE8527BCC}.Release|x64.Build.0 = Release|x64
		{86906ECA-12AC-4AB1-8664-C72DE8527BCC}.Release|x86.ActiveCfg = Release|Win32
		{86906ECA-12AC-4AB1-8664-C72DE8527BCC}.Release|x86.Build.0 = Release|Win32
		{59543023-7D00-46D3-AF05-49ED7A265736}.Debug|x64.ActiveCfg = Debug|x64
		{59543023-7D00-46D3-AF05-49ED7A265736}.Debug|x64.Build.0 = Debug|x64
		{59543023-7D00-46D3-AF05-49ED7A265736}.Debug|x86.ActiveCfg = Debug|Win32
		{59543023-7D00-46D3-AF05-49ED7A265736}.Debug|x86.Build.0 = Debug|Win32
		{59543023-7D00-46D3-AF05-49ED7A265736}.Release|x64.ActiveCfg = Release|x64
		{59543023-7D00-46D3-AF05-49ED7A265736}.Release|x64.Build.0 = Release|x64
		{59543023-7D00-46D3-AF05-49ED7A265736}.Release|x86.ActiveCfg = Release|Win32
		{59543023-7D00-46D3-AF05-49ED7A265736}.Release|x86.Build.0 = Release|Win32
		{E84C6CFA-6EEA-440E-A536-A95B550196B4}.Debug|x64.ActiveCfg = Debug|x64
		{E84C6CFA-6EEA-440E-A536-A95B550196B4}.Debug|x64.Build.0 = Debug|x64
		{E84C6CFA-6EEA-440E-A536-A95B550196B4}.Debug|x86.ActiveCfg = Debug|Win32
		{E84C6CFA-6EEA-440E-A536-A95B550196B4}.Debug|x86.Build.0 = Debug|Win32
		{E84C6CFA-6EEA-440E-A536-A95B550196B4}.Release|x64.ActiveCfg = Release|x64
		{E84C6CFA-6EEA-440E-A536-A95B550196B4}.Release|x64.Build.0 = Release|x64
		{E84C6CFA-6EEA-440E-A536-A95B550196B4}.Release|x86.ActiveCfg = Release|Win32
		{E84C6CFA-6EEA-440E-A536-A95B550196B4}.Release|x86.Build.0 = Release|Win32
		{DCBC3706-B446-4769-90AA-D04D5E4C2D0C}.Debug|x64.ActiveCfg = Debug|x64
		{DCBC3706-B446-4769-90AA-D04D5E4C2D0C}.Debug|x64.Build.0 = Debug|x64
		{DCBC3706-B446-4769-90AA-D04D5E4C2D0C}.Debug|x86.ActiveCfg = Debug|Win32
		{DCBC3706-B446-4769-90AA-D04D5E4C2D0C}.Debug|x86.Build.0 = Debug|Win32
		{DCBC3706-B446-4769-90AA-D04D5E4C2D0C}.Release|x64.ActiveCfg = Release|x64
		{DCBC3706-B446-4769-90AA-D04D5E4C2D0C}.Release|x64.Build.0 = Release|x64
		{DCBC3706-B446-4769-90AA-D04D5E4C2D0C}.Release|x86.ActiveCfg = Release|Win32
		{DCBC3706-B446-4769-90AA-D04D5E4C2D0C}.Release|x86.Build.0 = Release|Win32
		{315DD178-7CFE-4AD2-AF62-42B371430D6C}.Debug|x64.ActiveCfg = Debug|x64
		{315DD178-7CFE-4AD2-AF62-42B371430D6C}.Debug|x64.Build.0 = Debug|x64
		{315DD178-7CFE-4AD2-AF62-42B371430D6C}.Debug|x86.ActiveCfg = Debug|Win32
		{315DD178-7CFE-4AD2-AF62-42B371430D6C}.Debug|x86.Build.0 = Debug|Win32
		{315DD178-7CFE-4AD2-AF62-42B371430D6C}.Release|x64.ActiveCfg = Release|x64
		{315DD178-7CFE-4AD2-AF62-42B371430D6C}.Release|x64.Build.0 = Release|x64
		{315DD178-7CFE-4AD2-AF62-42B371430D6C}.Release|x86.ActiveCfg = Release|Win32
		{315DD178-7CFE-4AD2-AF62-42B371430D6C}.Release|x86.Build.0 = Release|Win32
		{085AD81E-48BA-4E44-8A9C-62097CC74719}.Debug|x64.ActiveCfg = Debug|x64
		{085AD81E-48BA-4E44-8A9C-62097CC74719}.Debug|x64.Build.0 = Debug|x64
		{085AD81E-48BA-4E44-8A9C-62097CC74719}.Debug|x86.ActiveCfg = Debug|Win32
		{085AD81E-48BA-4E44-8A9C-62097CC74719}.Debug|x86.Build.0 = Debug|Win32
		{085AD81E-48BA-4E44-8A9C-62097CC74719}.Release|x64.ActiveCfg = Release|x64
		{085AD81E-48BA-4E44-8A9C-62097CC74719}.Release|x64.Build.0 = Release|x64
		{085AD81E-48BA-4E44-8A9C-62097CC74719}.Release|x86.ActiveCfg = Release|Win32
		{085AD81E-48BA-4E44-8A9C-62097CC74719}.Release|x86.Build.0 = Release|Win32
		{40313FC4-6ECE-4D5C-8735-3E484F1569BE}.Debug|x64.ActiveCfg = Debug|x64
		{40313FC4-6ECE-4D5C-8735-3E484F1569BE}.Debug|x64.Build.0 = Debug|x64
		{40313FC4-6ECE-4D5C-8735-3E484F1569BE}.Debug|x86.ActiveCfg = Debug|Win32
		{40313FC4-6ECE-4D5C-8735-3E484F1569BE}.Debug|x86.Build.0 = Debug|Win32
		{40313FC4-6ECE-4D5C-8735-3E484F1569BE}.Release|x64.ActiveCfg = Release|x64
		{40313FC4-6ECE-4D5C-8735-3E484F1569BE}.Release|x64.Build.0 = Release|x64
		{40313FC4-6ECE-4D5C-8735-3E484F1569BE}.Release|x86.ActiveCfg = Release|Win32
		{40313FC4-6ECE-4D5C-8735-3E484F1569BE}.Release|x86.Build.0 = Release|Win32
		{E3EC44B8-B5C5-473F-A34A-C032D3CED6C5}.Debug|x64.ActiveCfg = Debug|x64
		{E3EC44B8-B5C5-473F-A34A-C032D3CED6C5}.Debug|x64.Build.0 = Debug|x64
		{E3EC44B8-B5C5-473F-A34A-C032D3CED6C5}.Debug|x86.ActiveCfg = Debug|Win32
		{E3EC44B8-B5C5-473F-A34A-C032D3CED6C5}.Debug|x86.Build.0 = Debug|Win32
		{E3EC44B8-B5C5-473F-A34A-C032D3CED6C5}.Release|x64.ActiveCfg = Release|x64
		{E3EC44B8-B5C5-473F-A34A-C032D3CED6C5}.Release|x64.Build.0 = Release|x64
		{E3EC44B8-B5C5-473F-A34A-C032D3CED6C5}.Release|x86.ActiveCfg = Release|Win32
		{E3EC44B8-B5C5-473F-A34A-C032D3CED6C5}.Release|x86.Build.0 = Release|Win32
		{3EF6049C-D6D0-4EED-A140-87435D99D5D2}.Debug|x64.ActiveCfg = Debug|x64
		{3EF6049C-D6D0-4EED-A140-87435D99D5D2}.Debug|x64.Build.0 = Debug|x64
		{3EF6049C-D6D0-4EED-A140-87435D99D5D2}.Debug|x86.ActiveCfg = Debug|Win32
		{3EF6049C-D6D0-4EED-A140-87435D99D5D2}.Debug|x86.Build.0 = Debug|Win32
		{3EF6049C-D6D0-4EED-A140-87435D99D5D2}.Release|x64.ActiveCfg = Release|x64
		{3EF6049C-D6D0-4EED-A140-87435D99D5D2}.Release|x64.Build.0 = Release|x64
		{3EF6049C-D6D0-4EED-A140-87435D99D5D2}.Release|x86.ActiveCfg = Release|Win32
		{3EF6049C-D6D0-4EED-A140-87435D99D5D2}.Release|x86.Build.0 = Release|Win32
		{11FED909-75EA-4EA1-819B-2ED1ADCEF76E}.Debug|x64.ActiveCfg = Debug|x64
		{11FED909-75EA-4EA1-819B-2ED1ADCEF76E}.Debug|x64.Build.0 = Debug|x64
		{11FED909-75EA-4EA1-819B-2ED1ADCEF76E}.Debug|x86.ActiveCfg = Debug|Win32
		{11FED909-75EA-4EA1-819B-2ED1ADCEF76E}.Debug|x86.Build.0 = Debug|Win32
		{11FED909-75EA-4EA1-819B-2ED1ADCEF76E}.Release|x64.ActiveCfg = Release|x64
		{11FED909-75EA-4EA1-819B-2ED1ADCEF76E}.Release|x64.Build.0 = Release|x64
		{11FED909-75EA-4EA1-819B-2ED1ADCEF76E}.Release|x86.ActiveCfg = Release|Win32
		{11FED909-75EA-4EA1-819B-2ED1ADCEF76E}.Release|x86.Build.0 = Release|Win32
		{265F3F5A-1286-460A-BE0C-0ABB6134BF29}.Debug|x64.ActiveCfg = Debug|x64
		{265F3F5A-1286-460A-BE0C-0ABB6134BF29}.Debug|x64.Build.0 = Debug|x64
		{265F3F5A-1286-460A-BE0C-0ABB6134BF29}.Debug|x86.ActiveCfg = Debug|Win32
		{265F3F5A-1286-460A-BE0C-0ABB6134BF29}.Debug|x86.Build.0 = Debug|Win32
		{265F3F5A-1286-460A-BE0C-0ABB6134BF29}.Release|x64.ActiveCfg = Release|x64
		{265F3F5A-1286-460A-BE0C-0ABB6134BF29}.Release|x64.Build.0 = Release|x64
		{265F3F5A-1286-460A-BE0C-0ABB6134BF29}.Release|x86.ActiveCfg = Release|Win32
		{265F3F5A-1286-460A-BE0C-0ABB6134BF29}.Release|x86.Build.0 = Release|Win32
		{5A3A4C11-6FFC-4724-9936-7E62484BE386}.Debug|x64.ActiveCfg = Debug|x64
		{5A3A4C11-6FFC-4724-9936-7E62484BE386}.Debug|x64.Build.0 = Debug|x64
		{5A3A4C11-6FFC-4724-9936-7E62484BE386}.Debug|x86.ActiveCfg = Debug|Win32
		{5A3A4C11-6FFC-4724-9936-7E62484BE386}.Debug|x86.Build.0 = Debug|Win32
		{5A3A4C11-6FFC-4724-9936-7E62484BE386}.Release|x64.ActiveCfg = Release|x64
		{5A3A4C11-6FFC-4724-9936-7E62484BE386}.Release|x64.Build.0 = Release|x64
		{5A3A4C11-6FFC-4724-9936-7E62484BE386}.Release|x86.ActiveCfg = Release|Win32
		{5A3A4C11-6FFC-4724-9936-7E62484BE386}.Release|x86.Build.0 = Release|Win32
		{CDA3B3EA-5FB4-47DE-853D-375EEFE38EAC}.Debug|x64.ActiveCfg = Debug|x64
		{CDA3B3EA-5FB4-47DE-853D-375EEFE38EAC}.Debug|x64.Build.0 = Debug|x64
		{CDA3B3EA-5FB4-47DE-853D-375EEFE38EAC}.Debug|x86.ActiveCfg = Debug|Win32
		{CDA3B3EA-5FB4-47DE-853D-375EEFE38EAC}.Debug|x86.Build.0 = Debug|Win32
		{CDA3B3EA-5FB4-47DE-853D-375EEFE38EAC}.Release|x64.ActiveCfg = Release|x64
		{CDA3B3EA-5FB4-47DE-853D-375EEFE38EAC}.Release|x64.Build.0 = Release|x64
		{CDA3B3EA-5FB4-47DE-853D-375EEFE38EAC}.Release|x86.ActiveCfg = Release|Win32
		{CDA3B3EA-5FB4-47DE-853D-375EEFE38EAC}.Release|x86.Build.0 = Release|Win32
		{4FA46E2B-D5FC-4776-AEFC-E2A116BC52C0}.Debug|x64.ActiveCfg = Debug|x64
		{4FA46E2B-D5FC-4776-AEFC-E2A116BC52C0}.Debug|x64.Build.0 = Debug|x64
		{4FA46E2B-D5FC-4776-AEFC-E2A116BC52C0}.Debug|x86.ActiveCfg = Debug|Win32
		{4FA46E2B-D5FC-4776-AEFC-E2A116BC52C0}.Debug|x86.Build.0 = Debug|Win32
		{4FA46E2B-D5FC-4776-AEFC-E2A116BC52C0}.Release|x64.ActiveCfg = Release|x64
		{4FA46E2B-D5FC-4776-AEFC-E2A116BC52C0}.Release|x64.Build.0 = Release|x64
		{4FA46E2B-D5FC-4776-AEFC-E2A116BC52C0}.Release|x86.ActiveCfg = Release|Win32
		{4FA46E2B-D5FC-4776-AEFC-E2A116BC52C0}.Release|x86.Build.0 = Release|Win32
		{8963078A-AF91-488B-A28E-6DD86586FBA5}.Debug|x64.ActiveCfg = Debug|x64
		{8963078A-AF91-488B-A28E-6DD86586FBA5}.Debug|x64.Build.0 = Debug|x64
		{8963078A-AF91-488B-A28E-6DD86586FBA5}.Debug|x86.ActiveCfg = Debug|Win32
		{8963078A-AF91-488B-A28E-6DD86586FBA5}.Debug|x86.Build.0 = Debug|Win32
		{8963078A-AF91-488B-A28E-6DD86586FBA5}.Release|x64.ActiveCfg = Release|x64
		{8963078A-AF91-488B-A28E-6DD86586FBA5}.Release|x64.Build.0 = Release|x64
		{8963078A-AF91-488B-A28E-6DD86586FBA5}.Release|x86.ActiveCfg = Release|Win32
		{8963078A-AF91-488B-A28E-6DD86586FBA5}.Release|x86.Build.0 = Release|Win32
		{DF98467A-3E40-4C10-8D01-547A9DD44AA3}.Debug|x64.ActiveCfg = Debug|x64
		{DF98467A-3E40-4C10-8D01-547A9DD44AA3}.Debug|x64.Build.0 = Debug|x64
		{DF98467A-3E40-4C10-8D01-547A9DD44AA3}.Debug|x86.ActiveCfg = Debug|Win32
		{DF98467A-3E40-4C10-8D01-547A9DD44AA3}.Debug|x86.Build.0 = Debug|Win32
		{DF98467A-3E40-4C10-8D01-547A9DD44AA3}.Release|x64.ActiveCfg = Release|x64
		{DF98467A-3E40-4C10-8D01-547A9DD44AA3}.Release|x64.Build.0 = Release|x64
		{DF98467A-3E40-4C10-8D01-547A9DD44AA3}.Release|x86.ActiveCfg = Release|Win32
		{DF98467A-3E40-4C10-8D01-547A9DD44AA3}.Release|x86.Build.0 = Release|Win32
	EndGlobalSection
	GlobalSection(SolutionProperties) = preSolution
		HideSolutionNode = FALSE
	EndGlobalSection
	GlobalSection(ExtensibilityGlobals) = postSolution
		SolutionGuid = {BCBA1A01-9FFA-4578-95B5-252EDCC990AC}
	EndGlobalSection
EndGlobal
